// !$*UTF8*$!
{
	archiveVersion = 1;
	classes = {
	};
	objectVersion = 46;
	objects = {

/* Begin PBXBuildFile section */
		D0AAD50B1DBDA3FE0058C2B2 /* main.m in Sources */ = {isa = PBXBuildFile; fileRef = D0AAD50A1DBDA3FE0058C2B2 /* main.m */; };
		D0AAD50E1DBDA3FE0058C2B2 /* AppDelegate.m in Sources */ = {isa = PBXBuildFile; fileRef = D0AAD50D1DBDA3FE0058C2B2 /* AppDelegate.m */; };
		D0AAD5111DBDA3FE0058C2B2 /* ViewController.m in Sources */ = {isa = PBXBuildFile; fileRef = D0AAD5101DBDA3FE0058C2B2 /* ViewController.m */; };
		D0AAD5141DBDA3FE0058C2B2 /* Main.storyboard in Resources */ = {isa = PBXBuildFile; fileRef = D0AAD5121DBDA3FE0058C2B2 /* Main.storyboard */; };
		D0AAD5161DBDA3FE0058C2B2 /* Assets.xcassets in Resources */ = {isa = PBXBuildFile; fileRef = D0AAD5151DBDA3FE0058C2B2 /* Assets.xcassets */; };
		D0AAD5191DBDA3FE0058C2B2 /* LaunchScreen.storyboard in Resources */ = {isa = PBXBuildFile; fileRef = D0AAD5171DBDA3FE0058C2B2 /* LaunchScreen.storyboard */; };
		D0AAD5301DBDA43B0058C2B2 /* PTAssets.xcassets in Resources */ = {isa = PBXBuildFile; fileRef = D0AAD5221DBDA43B0058C2B2 /* PTAssets.xcassets */; };
		D0AAD5311DBDA43B0058C2B2 /* VCCaptureCameraController.m in Sources */ = {isa = PBXBuildFile; fileRef = D0AAD5241DBDA43B0058C2B2 /* VCCaptureCameraController.m */; };
		D0AAD5321DBDA43B0058C2B2 /* VCPhotoPreViewViewController.m in Sources */ = {isa = PBXBuildFile; fileRef = D0AAD5261DBDA43B0058C2B2 /* VCPhotoPreViewViewController.m */; };
		D0AAD5331DBDA43B0058C2B2 /* VCPTCameraController.m in Sources */ = {isa = PBXBuildFile; fileRef = D0AAD5281DBDA43B0058C2B2 /* VCPTCameraController.m */; };
		D0AAD5341DBDA43B0058C2B2 /* VCPTCaptureSessionManager.m in Sources */ = {isa = PBXBuildFile; fileRef = D0AAD52A1DBDA43B0058C2B2 /* VCPTCaptureSessionManager.m */; };
		D0AAD5351DBDA43B0058C2B2 /* VCPTPhotoUtils.m in Sources */ = {isa = PBXBuildFile; fileRef = D0AAD52D1DBDA43B0058C2B2 /* VCPTPhotoUtils.m */; };
		D0AAD5361DBDA43B0058C2B2 /* VCPTSlider.m in Sources */ = {isa = PBXBuildFile; fileRef = D0AAD52F1DBDA43B0058C2B2 /* VCPTSlider.m */; };
/* End PBXBuildFile section */

/* Begin PBXFileReference section */
		D0AAD5061DBDA3FE0058C2B2 /* DCCamera.app */ = {isa = PBXFileReference; explicitFileType = wrapper.application; includeInIndex = 0; path = DCCamera.app; sourceTree = BUILT_PRODUCTS_DIR; };
		D0AAD50A1DBDA3FE0058C2B2 /* main.m */ = {isa = PBXFileReference; lastKnownFileType = sourcecode.c.objc; path = main.m; sourceTree = "<group>"; };
		D0AAD50C1DBDA3FE0058C2B2 /* AppDelegate.h */ = {isa = PBXFileReference; lastKnownFileType = sourcecode.c.h; path = AppDelegate.h; sourceTree = "<group>"; };
		D0AAD50D1DBDA3FE0058C2B2 /* AppDelegate.m */ = {isa = PBXFileReference; lastKnownFileType = sourcecode.c.objc; path = AppDelegate.m; sourceTree = "<group>"; };
		D0AAD50F1DBDA3FE0058C2B2 /* ViewController.h */ = {isa = PBXFileReference; lastKnownFileType = sourcecode.c.h; path = ViewController.h; sourceTree = "<group>"; };
		D0AAD5101DBDA3FE0058C2B2 /* ViewController.m */ = {isa = PBXFileReference; lastKnownFileType = sourcecode.c.objc; path = ViewController.m; sourceTree = "<group>"; };
		D0AAD5131DBDA3FE0058C2B2 /* Base */ = {isa = PBXFileReference; lastKnownFileType = file.storyboard; name = Base; path = Base.lproj/Main.storyboard; sourceTree = "<group>"; };
		D0AAD5151DBDA3FE0058C2B2 /* Assets.xcassets */ = {isa = PBXFileReference; lastKnownFileType = folder.assetcatalog; path = Assets.xcassets; sourceTree = "<group>"; };
		D0AAD5181DBDA3FE0058C2B2 /* Base */ = {isa = PBXFileReference; lastKnownFileType = file.storyboard; name = Base; path = Base.lproj/LaunchScreen.storyboard; sourceTree = "<group>"; };
		D0AAD51A1DBDA3FE0058C2B2 /* Info.plist */ = {isa = PBXFileReference; lastKnownFileType = text.plist.xml; path = Info.plist; sourceTree = "<group>"; };
		D0AAD5221DBDA43B0058C2B2 /* PTAssets.xcassets */ = {isa = PBXFileReference; lastKnownFileType = folder.assetcatalog; path = PTAssets.xcassets; sourceTree = "<group>"; };
		D0AAD5231DBDA43B0058C2B2 /* VCCaptureCameraController.h */ = {isa = PBXFileReference; fileEncoding = 4; lastKnownFileType = sourcecode.c.h; path = VCCaptureCameraController.h; sourceTree = "<group>"; };
		D0AAD5241DBDA43B0058C2B2 /* VCCaptureCameraController.m */ = {isa = PBXFileReference; fileEncoding = 4; lastKnownFileType = sourcecode.c.objc; path = VCCaptureCameraController.m; sourceTree = "<group>"; };
		D0AAD5251DBDA43B0058C2B2 /* VCPhotoPreViewViewController.h */ = {isa = PBXFileReference; fileEncoding = 4; lastKnownFileType = sourcecode.c.h; path = VCPhotoPreViewViewController.h; sourceTree = "<group>"; };
		D0AAD5261DBDA43B0058C2B2 /* VCPhotoPreViewViewController.m */ = {isa = PBXFileReference; fileEncoding = 4; lastKnownFileType = sourcecode.c.objc; path = VCPhotoPreViewViewController.m; sourceTree = "<group>"; };
		D0AAD5271DBDA43B0058C2B2 /* VCPTCameraController.h */ = {isa = PBXFileReference; fileEncoding = 4; lastKnownFileType = sourcecode.c.h; path = VCPTCameraController.h; sourceTree = "<group>"; };
		D0AAD5281DBDA43B0058C2B2 /* VCPTCameraController.m */ = {isa = PBXFileReference; fileEncoding = 4; lastKnownFileType = sourcecode.c.objc; path = VCPTCameraController.m; sourceTree = "<group>"; };
		D0AAD5291DBDA43B0058C2B2 /* VCPTCaptureSessionManager.h */ = {isa = PBXFileReference; fileEncoding = 4; lastKnownFileType = sourcecode.c.h; path = VCPTCaptureSessionManager.h; sourceTree = "<group>"; };
		D0AAD52A1DBDA43B0058C2B2 /* VCPTCaptureSessionManager.m */ = {isa = PBXFileReference; fileEncoding = 4; lastKnownFileType = sourcecode.c.objc; path = VCPTCaptureSessionManager.m; sourceTree = "<group>"; };
		D0AAD52B1DBDA43B0058C2B2 /* VCPTMacroDefine.h */ = {isa = PBXFileReference; fileEncoding = 4; lastKnownFileType = sourcecode.c.h; path = VCPTMacroDefine.h; sourceTree = "<group>"; };
		D0AAD52C1DBDA43B0058C2B2 /* VCPTPhotoUtils.h */ = {isa = PBXFileReference; fileEncoding = 4; lastKnownFileType = sourcecode.c.h; path = VCPTPhotoUtils.h; sourceTree = "<group>"; };
		D0AAD52D1DBDA43B0058C2B2 /* VCPTPhotoUtils.m */ = {isa = PBXFileReference; fileEncoding = 4; lastKnownFileType = sourcecode.c.objc; path = VCPTPhotoUtils.m; sourceTree = "<group>"; };
		D0AAD52E1DBDA43B0058C2B2 /* VCPTSlider.h */ = {isa = PBXFileReference; fileEncoding = 4; lastKnownFileType = sourcecode.c.h; path = VCPTSlider.h; sourceTree = "<group>"; };
		D0AAD52F1DBDA43B0058C2B2 /* VCPTSlider.m */ = {isa = PBXFileReference; fileEncoding = 4; lastKnownFileType = sourcecode.c.objc; path = VCPTSlider.m; sourceTree = "<group>"; };
/* End PBXFileReference section */

/* Begin PBXFrameworksBuildPhase section */
		D0AAD5031DBDA3FE0058C2B2 /* Frameworks */ = {
			isa = PBXFrameworksBuildPhase;
			buildActionMask = 2147483647;
			files = (
			);
			runOnlyForDeploymentPostprocessing = 0;
		};
/* End PBXFrameworksBuildPhase section */

/* Begin PBXGroup section */
		D0AAD4FD1DBDA3FE0058C2B2 = {
			isa = PBXGroup;
			children = (
				D0AAD5081DBDA3FE0058C2B2 /* DCCamera */,
				D0AAD5071DBDA3FE0058C2B2 /* Products */,
			);
			sourceTree = "<group>";
		};
		D0AAD5071DBDA3FE0058C2B2 /* Products */ = {
			isa = PBXGroup;
			children = (
				D0AAD5061DBDA3FE0058C2B2 /* DCCamera.app */,
			);
			name = Products;
			sourceTree = "<group>";
		};
		D0AAD5081DBDA3FE0058C2B2 /* DCCamera */ = {
			isa = PBXGroup;
			children = (
				D0AAD5201DBDA43B0058C2B2 /* VCPictureTaker */,
				D0AAD50C1DBDA3FE0058C2B2 /* AppDelegate.h */,
				D0AAD50D1DBDA3FE0058C2B2 /* AppDelegate.m */,
				D0AAD50F1DBDA3FE0058C2B2 /* ViewController.h */,
				D0AAD5101DBDA3FE0058C2B2 /* ViewController.m */,
				D0AAD5121DBDA3FE0058C2B2 /* Main.storyboard */,
				D0AAD5151DBDA3FE0058C2B2 /* Assets.xcassets */,
				D0AAD5171DBDA3FE0058C2B2 /* LaunchScreen.storyboard */,
				D0AAD51A1DBDA3FE0058C2B2 /* Info.plist */,
				D0AAD5091DBDA3FE0058C2B2 /* Supporting Files */,
			);
			path = DCCamera;
			sourceTree = "<group>";
		};
		D0AAD5091DBDA3FE0058C2B2 /* Supporting Files */ = {
			isa = PBXGroup;
			children = (
				D0AAD50A1DBDA3FE0058C2B2 /* main.m */,
			);
			name = "Supporting Files";
			sourceTree = "<group>";
		};
		D0AAD5201DBDA43B0058C2B2 /* VCPictureTaker */ = {
			isa = PBXGroup;
			children = (
				D0AAD5211DBDA43B0058C2B2 /* Resources */,
				D0AAD5231DBDA43B0058C2B2 /* VCCaptureCameraController.h */,
				D0AAD5241DBDA43B0058C2B2 /* VCCaptureCameraController.m */,
				D0AAD5251DBDA43B0058C2B2 /* VCPhotoPreViewViewController.h */,
				D0AAD5261DBDA43B0058C2B2 /* VCPhotoPreViewViewController.m */,
				D0AAD5271DBDA43B0058C2B2 /* VCPTCameraController.h */,
				D0AAD5281DBDA43B0058C2B2 /* VCPTCameraController.m */,
				D0AAD5291DBDA43B0058C2B2 /* VCPTCaptureSessionManager.h */,
				D0AAD52A1DBDA43B0058C2B2 /* VCPTCaptureSessionManager.m */,
				D0AAD52B1DBDA43B0058C2B2 /* VCPTMacroDefine.h */,
				D0AAD52C1DBDA43B0058C2B2 /* VCPTPhotoUtils.h */,
				D0AAD52D1DBDA43B0058C2B2 /* VCPTPhotoUtils.m */,
				D0AAD52E1DBDA43B0058C2B2 /* VCPTSlider.h */,
				D0AAD52F1DBDA43B0058C2B2 /* VCPTSlider.m */,
			);
			path = VCPictureTaker;
			sourceTree = "<group>";
		};
		D0AAD5211DBDA43B0058C2B2 /* Resources */ = {
			isa = PBXGroup;
			children = (
				D0AAD5221DBDA43B0058C2B2 /* PTAssets.xcassets */,
			);
			path = Resources;
			sourceTree = "<group>";
		};
/* End PBXGroup section */

/* Begin PBXNativeTarget section */
		D0AAD5051DBDA3FE0058C2B2 /* DCCamera */ = {
			isa = PBXNativeTarget;
			buildConfigurationList = D0AAD51D1DBDA3FE0058C2B2 /* Build configuration list for PBXNativeTarget "DCCamera" */;
			buildPhases = (
				D0AAD5021DBDA3FE0058C2B2 /* Sources */,
				D0AAD5031DBDA3FE0058C2B2 /* Frameworks */,
				D0AAD5041DBDA3FE0058C2B2 /* Resources */,
			);
			buildRules = (
			);
			dependencies = (
			);
			name = DCCamera;
			productName = DCCamera;
			productReference = D0AAD5061DBDA3FE0058C2B2 /* DCCamera.app */;
			productType = "com.apple.product-type.application";
		};
/* End PBXNativeTarget section */

/* Begin PBXProject section */
		D0AAD4FE1DBDA3FE0058C2B2 /* Project object */ = {
			isa = PBXProject;
			attributes = {
				LastUpgradeCheck = 0800;
				ORGANIZATIONNAME = "Tang guifu";
				TargetAttributes = {
					D0AAD5051DBDA3FE0058C2B2 = {
						CreatedOnToolsVersion = 8.0;
						DevelopmentTeam = 2AF4HF959P;
						ProvisioningStyle = Automatic;
					};
				};
			};
			buildConfigurationList = D0AAD5011DBDA3FE0058C2B2 /* Build configuration list for PBXProject "DCCamera" */;
			compatibilityVersion = "Xcode 3.2";
			developmentRegion = English;
			hasScannedForEncodings = 0;
			knownRegions = (
				en,
				Base,
			);
			mainGroup = D0AAD4FD1DBDA3FE0058C2B2;
			productRefGroup = D0AAD5071DBDA3FE0058C2B2 /* Products */;
			projectDirPath = "";
			projectRoot = "";
			targets = (
				D0AAD5051DBDA3FE0058C2B2 /* DCCamera */,
			);
		};
/* End PBXProject section */

/* Begin PBXResourcesBuildPhase section */
		D0AAD5041DBDA3FE0058C2B2 /* Resources */ = {
			isa = PBXResourcesBuildPhase;
			buildActionMask = 2147483647;
			files = (
				D0AAD5301DBDA43B0058C2B2 /* PTAssets.xcassets in Resources */,
				D0AAD5191DBDA3FE0058C2B2 /* LaunchScreen.storyboard in Resources */,
				D0AAD5161DBDA3FE0058C2B2 /* Assets.xcassets in Resources */,
				D0AAD5141DBDA3FE0058C2B2 /* Main.storyboard in Resources */,
			);
			runOnlyForDeploymentPostprocessing = 0;
		};
/* End PBXResourcesBuildPhase section */

/* Begin PBXSourcesBuildPhase section */
		D0AAD5021DBDA3FE0058C2B2 /* Sources */ = {
			isa = PBXSourcesBuildPhase;
			buildActionMask = 2147483647;
			files = (
				D0AAD5311DBDA43B0058C2B2 /* VCCaptureCameraController.m in Sources */,
				D0AAD5341DBDA43B0058C2B2 /* VCPTCaptureSessionManager.m in Sources */,
				D0AAD5361DBDA43B0058C2B2 /* VCPTSlider.m in Sources */,
				D0AAD5111DBDA3FE0058C2B2 /* ViewController.m in Sources */,
				D0AAD5351DBDA43B0058C2B2 /* VCPTPhotoUtils.m in Sources */,
				D0AAD50E1DBDA3FE0058C2B2 /* AppDelegate.m in Sources */,
				D0AAD5331DBDA43B0058C2B2 /* VCPTCameraController.m in Sources */,
				D0AAD5321DBDA43B0058C2B2 /* VCPhotoPreViewViewController.m in Sources */,
				D0AAD50B1DBDA3FE0058C2B2 /* main.m in Sources */,
			);
			runOnlyForDeploymentPostprocessing = 0;
		};
/* End PBXSourcesBuildPhase section */

/* Begin PBXVariantGroup section */
		D0AAD5121DBDA3FE0058C2B2 /* Main.storyboard */ = {
			isa = PBXVariantGroup;
			children = (
				D0AAD5131DBDA3FE0058C2B2 /* Base */,
			);
			name = Main.storyboard;
			sourceTree = "<group>";
		};
		D0AAD5171DBDA3FE0058C2B2 /* LaunchScreen.storyboard */ = {
			isa = PBXVariantGroup;
			children = (
				D0AAD5181DBDA3FE0058C2B2 /* Base */,
			);
			name = LaunchScreen.storyboard;
			sourceTree = "<group>";
		};
/* End PBXVariantGroup section */

/* Begin XCBuildConfiguration section */
		D0AAD51B1DBDA3FE0058C2B2 /* Debug */ = {
			isa = XCBuildConfiguration;
			buildSettings = {
				ALWAYS_SEARCH_USER_PATHS = NO;
				CLANG_ANALYZER_NONNULL = YES;
				CLANG_CXX_LANGUAGE_STANDARD = "gnu++0x";
				CLANG_CXX_LIBRARY = "libc++";
				CLANG_ENABLE_MODULES = YES;
				CLANG_ENABLE_OBJC_ARC = YES;
				CLANG_WARN_BOOL_CONVERSION = YES;
				CLANG_WARN_CONSTANT_CONVERSION = YES;
				CLANG_WARN_DIRECT_OBJC_ISA_USAGE = YES_ERROR;
				CLANG_WARN_DOCUMENTATION_COMMENTS = YES;
				CLANG_WARN_EMPTY_BODY = YES;
				CLANG_WARN_ENUM_CONVERSION = YES;
				CLANG_WARN_INFINITE_RECURSION = YES;
				CLANG_WARN_INT_CONVERSION = YES;
				CLANG_WARN_OBJC_ROOT_CLASS = YES_ERROR;
				CLANG_WARN_SUSPICIOUS_MOVES = YES;
				CLANG_WARN_UNREACHABLE_CODE = YES;
				CLANG_WARN__DUPLICATE_METHOD_MATCH = YES;
				"CODE_SIGN_IDENTITY[sdk=iphoneos*]" = "iPhone Developer";
				COPY_PHASE_STRIP = NO;
				DEBUG_INFORMATION_FORMAT = dwarf;
				ENABLE_STRICT_OBJC_MSGSEND = YES;
				ENABLE_TESTABILITY = YES;
				GCC_C_LANGUAGE_STANDARD = gnu99;
				GCC_DYNAMIC_NO_PIC = NO;
				GCC_NO_COMMON_BLOCKS = YES;
				GCC_OPTIMIZATION_LEVEL = 0;
				GCC_PREPROCESSOR_DEFINITIONS = (
					"DEBUG=1",
					"$(inherited)",
				);
				GCC_WARN_64_TO_32_BIT_CONVERSION = YES;
				GCC_WARN_ABOUT_RETURN_TYPE = YES_ERROR;
				GCC_WARN_UNDECLARED_SELECTOR = YES;
				GCC_WARN_UNINITIALIZED_AUTOS = YES_AGGRESSIVE;
				GCC_WARN_UNUSED_FUNCTION = YES;
				GCC_WARN_UNUSED_VARIABLE = YES;
				IPHONEOS_DEPLOYMENT_TARGET = 10.0;
				MTL_ENABLE_DEBUG_INFO = YES;
				ONLY_ACTIVE_ARCH = YES;
				SDKROOT = iphoneos;
			};
			name = Debug;
		};
		D0AAD51C1DBDA3FE0058C2B2 /* Release */ = {
			isa = XCBuildConfiguration;
			buildSettings = {
				ALWAYS_SEARCH_USER_PATHS = NO;
				CLANG_ANALYZER_NONNULL = YES;
				CLANG_CXX_LANGUAGE_STANDARD = "gnu++0x";
				CLANG_CXX_LIBRARY = "libc++";
				CLANG_ENABLE_MODULES = YES;
				CLANG_ENABLE_OBJC_ARC = YES;
				CLANG_WARN_BOOL_CONVERSION = YES;
				CLANG_WARN_CONSTANT_CONVERSION = YES;
				CLANG_WARN_DIRECT_OBJC_ISA_USAGE = YES_ERROR;
				CLANG_WARN_DOCUMENTATION_COMMENTS = YES;
				CLANG_WARN_EMPTY_BODY = YES;
				CLANG_WARN_ENUM_CONVERSION = YES;
				CLANG_WARN_INFINITE_RECURSION = YES;
				CLANG_WARN_INT_CONVERSION = YES;
				CLANG_WARN_OBJC_ROOT_CLASS = YES_ERROR;
				CLANG_WARN_SUSPICIOUS_MOVES = YES;
				CLANG_WARN_UNREACHABLE_CODE = YES;
				CLANG_WARN__DUPLICATE_METHOD_MATCH = YES;
				"CODE_SIGN_IDENTITY[sdk=iphoneos*]" = "iPhone Developer";
				COPY_PHASE_STRIP = NO;
				DEBUG_INFORMATION_FORMAT = "dwarf-with-dsym";
				ENABLE_NS_ASSERTIONS = NO;
				ENABLE_STRICT_OBJC_MSGSEND = YES;
				GCC_C_LANGUAGE_STANDARD = gnu99;
				GCC_NO_COMMON_BLOCKS = YES;
				GCC_WARN_64_TO_32_BIT_CONVERSION = YES;
				GCC_WARN_ABOUT_RETURN_TYPE = YES_ERROR;
				GCC_WARN_UNDECLARED_SELECTOR = YES;
				GCC_WARN_UNINITIALIZED_AUTOS = YES_AGGRESSIVE;
				GCC_WARN_UNUSED_FUNCTION = YES;
				GCC_WARN_UNUSED_VARIABLE = YES;
				IPHONEOS_DEPLOYMENT_TARGET = 10.0;
				MTL_ENABLE_DEBUG_INFO = NO;
				SDKROOT = iphoneos;
				VALIDATE_PRODUCT = YES;
			};
			name = Release;
		};
		D0AAD51E1DBDA3FE0058C2B2 /* Debug */ = {
			isa = XCBuildConfiguration;
			buildSettings = {
				ASSETCATALOG_COMPILER_APPICON_NAME = AppIcon;
				DEVELOPMENT_TEAM = 2AF4HF959P;
				INFOPLIST_FILE = DCCamera/Info.plist;
				LD_RUNPATH_SEARCH_PATHS = "$(inherited) @executable_path/Frameworks";
				PRODUCT_BUNDLE_IDENTIFIER = com.vcainfo.dscyz.DCCamera;
				PRODUCT_NAME = "$(TARGET_NAME)";
			};
			name = Debug;
		};
		D0AAD51F1DBDA3FE0058C2B2 /* Release */ = {
			isa = XCBuildConfiguration;
			buildSettings = {
				ASSETCATALOG_COMPILER_APPICON_NAME = AppIcon;
				DEVELOPMENT_TEAM = 2AF4HF959P;
				INFOPLIST_FILE = DCCamera/Info.plist;
				LD_RUNPATH_SEARCH_PATHS = "$(inherited) @executable_path/Frameworks";
				PRODUCT_BUNDLE_IDENTIFIER = com.vcainfo.dscyz.DCCamera;
				PRODUCT_NAME = "$(TARGET_NAME)";
			};
			name = Release;
		};
/* End XCBuildConfiguration section */

/* Begin XCConfigurationList section */
		D0AAD5011DBDA3FE0058C2B2 /* Build configuration list for PBXProject "DCCamera" */ = {
			isa = XCConfigurationList;
			buildConfigurations = (
				D0AAD51B1DBDA3FE0058C2B2 /* Debug */,
				D0AAD51C1DBDA3FE0058C2B2 /* Release */,
			);
			defaultConfigurationIsVisible = 0;
			defaultConfigurationName = Release;
		};
		D0AAD51D1DBDA3FE0058C2B2 /* Build configuration list for PBXNativeTarget "DCCamera" */ = {
			isa = XCConfigurationList;
			buildConfigurations = (
				D0AAD51E1DBDA3FE0058C2B2 /* Debug */,
				D0AAD51F1DBDA3FE0058C2B2 /* Release */,
			);
			defaultConfigurationIsVisible = 0;
		};
/* End XCConfigurationList section */
	};
	rootObject = D0AAD4FE1DBDA3FE0058C2B2 /* Project object */;
}
